// !$*UTF8*$!
{
	archiveVersion = 1;
	classes = {
	};
	objectVersion = 56;
	objects = {

/* Begin PBXBuildFile section */
		1A8EEEA6296728ED00AB924E /* SillyApp.swift in Sources */ = {isa = PBXBuildFile; fileRef = 1A8EEEA5296728ED00AB924E /* SillyApp.swift */; };
		1A8EEEA8296728ED00AB924E /* ContentView.swift in Sources */ = {isa = PBXBuildFile; fileRef = 1A8EEEA7296728ED00AB924E /* ContentView.swift */; };
		1A8EEEAA296728EE00AB924E /* Assets.xcassets in Resources */ = {isa = PBXBuildFile; fileRef = 1A8EEEA9296728EE00AB924E /* Assets.xcassets */; };
		1A8EEEAD296728EE00AB924E /* Preview Assets.xcassets in Resources */ = {isa = PBXBuildFile; fileRef = 1A8EEEAC296728EE00AB924E /* Preview Assets.xcassets */; };
		1A8EEEB7296728EE00AB924E /* SillyTests.swift in Sources */ = {isa = PBXBuildFile; fileRef = 1A8EEEB6296728EE00AB924E /* SillyTests.swift */; };
		1A8EEEC1296728EE00AB924E /* SillyUITests.swift in Sources */ = {isa = PBXBuildFile; fileRef = 1A8EEEC0296728EE00AB924E /* SillyUITests.swift */; };
		1A8EEEC3296728EE00AB924E /* SillyUITestsLaunchTests.swift in Sources */ = {isa = PBXBuildFile; fileRef = 1A8EEEC2296728EE00AB924E /* SillyUITestsLaunchTests.swift */; };
/* End PBXBuildFile section */

/* Begin PBXContainerItemProxy section */
		1A8EEEB3296728EE00AB924E /* PBXContainerItemProxy */ = {
			isa = PBXContainerItemProxy;
			containerPortal = 1A8EEE9A296728ED00AB924E /* Project object */;
			proxyType = 1;
			remoteGlobalIDString = 1A8EEEA1296728ED00AB924E;
			remoteInfo = Silly;
		};
		1A8EEEBD296728EE00AB924E /* PBXContainerItemProxy */ = {
			isa = PBXContainerItemProxy;
			containerPortal = 1A8EEE9A296728ED00AB924E /* Project object */;
			proxyType = 1;
			remoteGlobalIDString = 1A8EEEA1296728ED00AB924E;
			remoteInfo = Silly;
		};
/* End PBXContainerItemProxy section */

/* Begin PBXFileReference section */
		1A8EEEA2296728ED00AB924E /* Silly.app */ = {isa = PBXFileReference; explicitFileType = wrapper.application; includeInIndex = 0; path = Silly.app; sourceTree = BUILT_PRODUCTS_DIR; };
		1A8EEEA5296728ED00AB924E /* SillyApp.swift */ = {isa = PBXFileReference; lastKnownFileType = sourcecode.swift; path = SillyApp.swift; sourceTree = "<group>"; };
		1A8EEEA7296728ED00AB924E /* ContentView.swift */ = {isa = PBXFileReference; lastKnownFileType = sourcecode.swift; path = ContentView.swift; sourceTree = "<group>"; };
		1A8EEEA9296728EE00AB924E /* Assets.xcassets */ = {isa = PBXFileReference; lastKnownFileType = folder.assetcatalog; path = Assets.xcassets; sourceTree = "<group>"; };
		1A8EEEAC296728EE00AB924E /* Preview Assets.xcassets */ = {isa = PBXFileReference; lastKnownFileType = folder.assetcatalog; path = "Preview Assets.xcassets"; sourceTree = "<group>"; };
		1A8EEEB2296728EE00AB924E /* SillyTests.xctest */ = {isa = PBXFileReference; explicitFileType = wrapper.cfbundle; includeInIndex = 0; path = SillyTests.xctest; sourceTree = BUILT_PRODUCTS_DIR; };
		1A8EEEB6296728EE00AB924E /* SillyTests.swift */ = {isa = PBXFileReference; lastKnownFileType = sourcecode.swift; path = SillyTests.swift; sourceTree = "<group>"; };
		1A8EEEBC296728EE00AB924E /* SillyUITests.xctest */ = {isa = PBXFileReference; explicitFileType = wrapper.cfbundle; includeInIndex = 0; path = SillyUITests.xctest; sourceTree = BUILT_PRODUCTS_DIR; };
		1A8EEEC0296728EE00AB924E /* SillyUITests.swift */ = {isa = PBXFileReference; lastKnownFileType = sourcecode.swift; path = SillyUITests.swift; sourceTree = "<group>"; };
		1A8EEEC2296728EE00AB924E /* SillyUITestsLaunchTests.swift */ = {isa = PBXFileReference; lastKnownFileType = sourcecode.swift; path = SillyUITestsLaunchTests.swift; sourceTree = "<group>"; };
/* End PBXFileReference section */

/* Begin PBXFrameworksBuildPhase section */
		1A8EEE9F296728ED00AB924E /* Frameworks */ = {
			isa = PBXFrameworksBuildPhase;
			buildActionMask = 2147483647;
			files = (
			);
			runOnlyForDeploymentPostprocessing = 0;
		};
		1A8EEEAF296728EE00AB924E /* Frameworks */ = {
			isa = PBXFrameworksBuildPhase;
			buildActionMask = 2147483647;
			files = (
			);
			runOnlyForDeploymentPostprocessing = 0;
		};
		1A8EEEB9296728EE00AB924E /* Frameworks */ = {
			isa = PBXFrameworksBuildPhase;
			buildActionMask = 2147483647;
			files = (
			);
			runOnlyForDeploymentPostprocessing = 0;
		};
/* End PBXFrameworksBuildPhase section */

/* Begin PBXGroup section */
		1A8EEE99296728ED00AB924E = {
			isa = PBXGroup;
			children = (
				1A8EEEA4296728ED00AB924E /* Silly */,
				1A8EEEB5296728EE00AB924E /* SillyTests */,
				1A8EEEBF296728EE00AB924E /* SillyUITests */,
				1A8EEEA3296728ED00AB924E /* Products */,
			);
			sourceTree = "<group>";
		};
		1A8EEEA3296728ED00AB924E /* Products */ = {
			isa = PBXGroup;
			children = (
				1A8EEEA2296728ED00AB924E /* Silly.app */,
				1A8EEEB2296728EE00AB924E /* SillyTests.xctest */,
				1A8EEEBC296728EE00AB924E /* SillyUITests.xctest */,
			);
			name = Products;
			sourceTree = "<group>";
		};
		1A8EEEA4296728ED00AB924E /* Silly */ = {
			isa = PBXGroup;
			children = (
				1A8EEEA5296728ED00AB924E /* SillyApp.swift */,
				1A8EEEA7296728ED00AB924E /* ContentView.swift */,
				1A8EEEA9296728EE00AB924E /* Assets.xcassets */,
				1A8EEEAB296728EE00AB924E /* Preview Content */,
			);
			path = Silly;
			sourceTree = "<group>";
		};
		1A8EEEAB296728EE00AB924E /* Preview Content */ = {
			isa = PBXGroup;
			children = (
				1A8EEEAC296728EE00AB924E /* Preview Assets.xcassets */,
			);
			path = "Preview Content";
			sourceTree = "<group>";
		};
		1A8EEEB5296728EE00AB924E /* SillyTests */ = {
			isa = PBXGroup;
			children = (
				1A8EEEB6296728EE00AB924E /* SillyTests.swift */,
			);
			path = SillyTests;
			sourceTree = "<group>";
		};
		1A8EEEBF296728EE00AB924E /* SillyUITests */ = {
			isa = PBXGroup;
			children = (
				1A8EEEC0296728EE00AB924E /* SillyUITests.swift */,
				1A8EEEC2296728EE00AB924E /* SillyUITestsLaunchTests.swift */,
			);
			path = SillyUITests;
			sourceTree = "<group>";
		};
/* End PBXGroup section */

/* Begin PBXNativeTarget section */
		1A8EEEA1296728ED00AB924E /* Silly */ = {
			isa = PBXNativeTarget;
			buildConfigurationList = 1A8EEEC6296728EE00AB924E /* Build configuration list for PBXNativeTarget "Silly" */;
			buildPhases = (
				1A8EEE9E296728ED00AB924E /* Sources */,
				1A8EEE9F296728ED00AB924E /* Frameworks */,
				1A8EEEA0296728ED00AB924E /* Resources */,
			);
			buildRules = (
			);
			dependencies = (
			);
			name = Silly;
			productName = Silly;
			productReference = 1A8EEEA2296728ED00AB924E /* Silly.app */;
			productType = "com.apple.product-type.application";
		};
		1A8EEEB1296728EE00AB924E /* SillyTests */ = {
			isa = PBXNativeTarget;
			buildConfigurationList = 1A8EEEC9296728EE00AB924E /* Build configuration list for PBXNativeTarget "SillyTests" */;
			buildPhases = (
				1A8EEEAE296728EE00AB924E /* Sources */,
				1A8EEEAF296728EE00AB924E /* Frameworks */,
				1A8EEEB0296728EE00AB924E /* Resources */,
			);
			buildRules = (
			);
			dependencies = (
				1A8EEEB4296728EE00AB924E /* PBXTargetDependency */,
			);
			name = SillyTests;
			productName = SillyTests;
			productReference = 1A8EEEB2296728EE00AB924E /* SillyTests.xctest */;
			productType = "com.apple.product-type.bundle.unit-test";
		};
		1A8EEEBB296728EE00AB924E /* SillyUITests */ = {
			isa = PBXNativeTarget;
			buildConfigurationList = 1A8EEECC296728EE00AB924E /* Build configuration list for PBXNativeTarget "SillyUITests" */;
			buildPhases = (
				1A8EEEB8296728EE00AB924E /* Sources */,
				1A8EEEB9296728EE00AB924E /* Frameworks */,
				1A8EEEBA296728EE00AB924E /* Resources */,
			);
			buildRules = (
			);
			dependencies = (
				1A8EEEBE296728EE00AB924E /* PBXTargetDependency */,
			);
			name = SillyUITests;
			productName = SillyUITests;
			productReference = 1A8EEEBC296728EE00AB924E /* SillyUITests.xctest */;
			productType = "com.apple.product-type.bundle.ui-testing";
		};
/* End PBXNativeTarget section */

/* Begin PBXProject section */
		1A8EEE9A296728ED00AB924E /* Project object */ = {
			isa = PBXProject;
			attributes = {
				BuildIndependentTargetsInParallel = 1;
				LastSwiftUpdateCheck = 1400;
				LastUpgradeCheck = 1400;
				TargetAttributes = {
					1A8EEEA1296728ED00AB924E = {
						CreatedOnToolsVersion = 14.0.1;
					};
					1A8EEEB1296728EE00AB924E = {
						CreatedOnToolsVersion = 14.0.1;
						TestTargetID = 1A8EEEA1296728ED00AB924E;
					};
					1A8EEEBB296728EE00AB924E = {
						CreatedOnToolsVersion = 14.0.1;
						TestTargetID = 1A8EEEA1296728ED00AB924E;
					};
				};
			};
			buildConfigurationList = 1A8EEE9D296728ED00AB924E /* Build configuration list for PBXProject "Silly" */;
			compatibilityVersion = "Xcode 14.0";
			developmentRegion = en;
			hasScannedForEncodings = 0;
			knownRegions = (
				en,
				Base,
			);
			mainGroup = 1A8EEE99296728ED00AB924E;
			productRefGroup = 1A8EEEA3296728ED00AB924E /* Products */;
			projectDirPath = "";
			projectRoot = "";
			targets = (
				1A8EEEA1296728ED00AB924E /* Silly */,
				1A8EEEB1296728EE00AB924E /* SillyTests */,
				1A8EEEBB296728EE00AB924E /* SillyUITests */,
			);
		};
/* End PBXProject section */

/* Begin PBXResourcesBuildPhase section */
		1A8EEEA0296728ED00AB924E /* Resources */ = {
			isa = PBXResourcesBuildPhase;
			buildActionMask = 2147483647;
			files = (
				1A8EEEAD296728EE00AB924E /* Preview Assets.xcassets in Resources */,
				1A8EEEAA296728EE00AB924E /* Assets.xcassets in Resources */,
			);
			runOnlyForDeploymentPostprocessing = 0;
		};
		1A8EEEB0296728EE00AB924E /* Resources */ = {
			isa = PBXResourcesBuildPhase;
			buildActionMask = 2147483647;
			files = (
			);
			runOnlyForDeploymentPostprocessing = 0;
		};
		1A8EEEBA296728EE00AB924E /* Resources */ = {
			isa = PBXResourcesBuildPhase;
			buildActionMask = 2147483647;
			files = (
			);
			runOnlyForDeploymentPostprocessing = 0;
		};
/* End PBXResourcesBuildPhase section */

/* Begin PBXSourcesBuildPhase section */
		1A8EEE9E296728ED00AB924E /* Sources */ = {
			isa = PBXSourcesBuildPhase;
			buildActionMask = 2147483647;
			files = (
				1A8EEEA8296728ED00AB924E /* ContentView.swift in Sources */,
				1A8EEEA6296728ED00AB924E /* SillyApp.swift in Sources */,
			);
			runOnlyForDeploymentPostprocessing = 0;
		};
		1A8EEEAE296728EE00AB924E /* Sources */ = {
			isa = PBXSourcesBuildPhase;
			buildActionMask = 2147483647;
			files = (
				1A8EEEB7296728EE00AB924E /* SillyTests.swift in Sources */,
			);
			runOnlyForDeploymentPostprocessing = 0;
		};
		1A8EEEB8296728EE00AB924E /* Sources */ = {
			isa = PBXSourcesBuildPhase;
			buildActionMask = 2147483647;
			files = (
				1A8EEEC3296728EE00AB924E /* SillyUITestsLaunchTests.swift in Sources */,
				1A8EEEC1296728EE00AB924E /* SillyUITests.swift in Sources */,
			);
			runOnlyForDeploymentPostprocessing = 0;
		};
/* End PBXSourcesBuildPhase section */

/* Begin PBXTargetDependency section */
		1A8EEEB4296728EE00AB924E /* PBXTargetDependency */ = {
			isa = PBXTargetDependency;
			target = 1A8EEEA1296728ED00AB924E /* Silly */;
			targetProxy = 1A8EEEB3296728EE00AB924E /* PBXContainerItemProxy */;
		};
		1A8EEEBE296728EE00AB924E /* PBXTargetDependency */ = {
			isa = PBXTargetDependency;
			target = 1A8EEEA1296728ED00AB924E /* Silly */;
			targetProxy = 1A8EEEBD296728EE00AB924E /* PBXContainerItemProxy */;
		};
/* End PBXTargetDependency section */

/* Begin XCBuildConfiguration section */
		1A8EEEC4296728EE00AB924E /* Debug */ = {
			isa = XCBuildConfiguration;
			buildSettings = {
				ALWAYS_SEARCH_USER_PATHS = NO;
				CLANG_ANALYZER_NONNULL = YES;
				CLANG_ANALYZER_NUMBER_OBJECT_CONVERSION = YES_AGGRESSIVE;
				CLANG_CXX_LANGUAGE_STANDARD = "gnu++20";
				CLANG_ENABLE_MODULES = YES;
				CLANG_ENABLE_OBJC_ARC = YES;
				CLANG_ENABLE_OBJC_WEAK = YES;
				CLANG_WARN_BLOCK_CAPTURE_AUTORELEASING = YES;
				CLANG_WARN_BOOL_CONVERSION = YES;
				CLANG_WARN_COMMA = YES;
				CLANG_WARN_CONSTANT_CONVERSION = YES;
				CLANG_WARN_DEPRECATED_OBJC_IMPLEMENTATIONS = YES;
				CLANG_WARN_DIRECT_OBJC_ISA_USAGE = YES_ERROR;
				CLANG_WARN_DOCUMENTATION_COMMENTS = YES;
				CLANG_WARN_EMPTY_BODY = YES;
				CLANG_WARN_ENUM_CONVERSION = YES;
				CLANG_WARN_INFINITE_RECURSION = YES;
				CLANG_WARN_INT_CONVERSION = YES;
				CLANG_WARN_NON_LITERAL_NULL_CONVERSION = YES;
				CLANG_WARN_OBJC_IMPLICIT_RETAIN_SELF = YES;
				CLANG_WARN_OBJC_LITERAL_CONVERSION = YES;
				CLANG_WARN_OBJC_ROOT_CLASS = YES_ERROR;
				CLANG_WARN_QUOTED_INCLUDE_IN_FRAMEWORK_HEADER = YES;
				CLANG_WARN_RANGE_LOOP_ANALYSIS = YES;
				CLANG_WARN_STRICT_PROTOTYPES = YES;
				CLANG_WARN_SUSPICIOUS_MOVE = YES;
				CLANG_WARN_UNGUARDED_AVAILABILITY = YES_AGGRESSIVE;
				CLANG_WARN_UNREACHABLE_CODE = YES;
				CLANG_WARN__DUPLICATE_METHOD_MATCH = YES;
				COPY_PHASE_STRIP = NO;
				DEBUG_INFORMATION_FORMAT = dwarf;
				ENABLE_STRICT_OBJC_MSGSEND = YES;
				ENABLE_TESTABILITY = YES;
				GCC_C_LANGUAGE_STANDARD = gnu11;
				GCC_DYNAMIC_NO_PIC = NO;
				GCC_NO_COMMON_BLOCKS = YES;
				GCC_OPTIMIZATION_LEVEL = 0;
				GCC_PREPROCESSOR_DEFINITIONS = (
					"DEBUG=1",
					"$(inherited)",
				);
				GCC_WARN_64_TO_32_BIT_CONVERSION = YES;
				GCC_WARN_ABOUT_RETURN_TYPE = YES_ERROR;
				GCC_WARN_UNDECLARED_SELECTOR = YES;
				GCC_WARN_UNINITIALIZED_AUTOS = YES_AGGRESSIVE;
				GCC_WARN_UNUSED_FUNCTION = YES;
				GCC_WARN_UNUSED_VARIABLE = YES;
				IPHONEOS_DEPLOYMENT_TARGET = 16.0;
				MTL_ENABLE_DEBUG_INFO = INCLUDE_SOURCE;
				MTL_FAST_MATH = YES;
				ONLY_ACTIVE_ARCH = YES;
				SDKROOT = iphoneos;
				SWIFT_ACTIVE_COMPILATION_CONDITIONS = DEBUG;
				SWIFT_OPTIMIZATION_LEVEL = "-Onone";
			};
			name = Debug;
		};
		1A8EEEC5296728EE00AB924E /* Release */ = {
			isa = XCBuildConfiguration;
			buildSettings = {
				ALWAYS_SEARCH_USER_PATHS = NO;
				CLANG_ANALYZER_NONNULL = YES;
				CLANG_ANALYZER_NUMBER_OBJECT_CONVERSION = YES_AGGRESSIVE;
				CLANG_CXX_LANGUAGE_STANDARD = "gnu++20";
				CLANG_ENABLE_MODULES = YES;
				CLANG_ENABLE_OBJC_ARC = YES;
				CLANG_ENABLE_OBJC_WEAK = YES;
				CLANG_WARN_BLOCK_CAPTURE_AUTORELEASING = YES;
				CLANG_WARN_BOOL_CONVERSION = YES;
				CLANG_WARN_COMMA = YES;
				CLANG_WARN_CONSTANT_CONVERSION = YES;
				CLANG_WARN_DEPRECATED_OBJC_IMPLEMENTATIONS = YES;
				CLANG_WARN_DIRECT_OBJC_ISA_USAGE = YES_ERROR;
				CLANG_WARN_DOCUMENTATION_COMMENTS = YES;
				CLANG_WARN_EMPTY_BODY = YES;
				CLANG_WARN_ENUM_CONVERSION = YES;
				CLANG_WARN_INFINITE_RECURSION = YES;
				CLANG_WARN_INT_CONVERSION = YES;
				CLANG_WARN_NON_LITERAL_NULL_CONVERSION = YES;
				CLANG_WARN_OBJC_IMPLICIT_RETAIN_SELF = YES;
				CLANG_WARN_OBJC_LITERAL_CONVERSION = YES;
				CLANG_WARN_OBJC_ROOT_CLASS = YES_ERROR;
				CLANG_WARN_QUOTED_INCLUDE_IN_FRAMEWORK_HEADER = YES;
				CLANG_WARN_RANGE_LOOP_ANALYSIS = YES;
				CLANG_WARN_STRICT_PROTOTYPES = YES;
				CLANG_WARN_SUSPICIOUS_MOVE = YES;
				CLANG_WARN_UNGUARDED_AVAILABILITY = YES_AGGRESSIVE;
				CLANG_WARN_UNREACHABLE_CODE = YES;
				CLANG_WARN__DUPLICATE_METHOD_MATCH = YES;
				COPY_PHASE_STRIP = NO;
				DEBUG_INFORMATION_FORMAT = "dwarf-with-dsym";
				ENABLE_NS_ASSERTIONS = NO;
				ENABLE_STRICT_OBJC_MSGSEND = YES;
				GCC_C_LANGUAGE_STANDARD = gnu11;
				GCC_NO_COMMON_BLOCKS = YES;
				GCC_WARN_64_TO_32_BIT_CONVERSION = YES;
				GCC_WARN_ABOUT_RETURN_TYPE = YES_ERROR;
				GCC_WARN_UNDECLARED_SELECTOR = YES;
				GCC_WARN_UNINITIALIZED_AUTOS = YES_AGGRESSIVE;
				GCC_WARN_UNUSED_FUNCTION = YES;
				GCC_WARN_UNUSED_VARIABLE = YES;
				IPHONEOS_DEPLOYMENT_TARGET = 16.0;
				MTL_ENABLE_DEBUG_INFO = NO;
				MTL_FAST_MATH = YES;
				SDKROOT = iphoneos;
				SWIFT_COMPILATION_MODE = wholemodule;
				SWIFT_OPTIMIZATION_LEVEL = "-O";
				VALIDATE_PRODUCT = YES;
			};
			name = Release;
		};
		1A8EEEC7296728EE00AB924E /* Debug */ = {
			isa = XCBuildConfiguration;
			buildSettings = {
				ASSETCATALOG_COMPILER_APPICON_NAME = AppIcon;
				ASSETCATALOG_COMPILER_GLOBAL_ACCENT_COLOR_NAME = AccentColor;
				CODE_SIGN_STYLE = Automatic;
				CURRENT_PROJECT_VERSION = 1;
				DEVELOPMENT_ASSET_PATHS = "\"Silly/Preview Content\"";
				DEVELOPMENT_TEAM = 5HJA6SZHM2;
				ENABLE_PREVIEWS = YES;
				GENERATE_INFOPLIST_FILE = YES;
				INFOPLIST_KEY_UIApplicationSceneManifest_Generation = YES;
				INFOPLIST_KEY_UIApplicationSupportsIndirectInputEvents = YES;
				INFOPLIST_KEY_UILaunchScreen_Generation = YES;
				INFOPLIST_KEY_UISupportedInterfaceOrientations_iPad = "UIInterfaceOrientationPortrait UIInterfaceOrientationPortraitUpsideDown UIInterfaceOrientationLandscapeLeft UIInterfaceOrientationLandscapeRight";
				INFOPLIST_KEY_UISupportedInterfaceOrientations_iPhone = "UIInterfaceOrientationPortrait UIInterfaceOrientationLandscapeLeft UIInterfaceOrientationLandscapeRight";
				LD_RUNPATH_SEARCH_PATHS = (
					"$(inherited)",
					"@executable_path/Frameworks",
				);
				MARKETING_VERSION = 1.0;
				PRODUCT_BUNDLE_IDENTIFIER = samie.CTEC.Silly;
				PRODUCT_NAME = "$(TARGET_NAME)";
				SWIFT_EMIT_LOC_STRINGS = YES;
				SWIFT_VERSION = 5.0;
				TARGETED_DEVICE_FAMILY = "1,2";
			};
			name = Debug;
		};
		1A8EEEC8296728EE00AB924E /* Release */ = {
			isa = XCBuildConfiguration;
			buildSettings = {
				ASSETCATALOG_COMPILER_APPICON_NAME = AppIcon;
				ASSETCATALOG_COMPILER_GLOBAL_ACCENT_COLOR_NAME = AccentColor;
				CODE_SIGN_STYLE = Automatic;
				CURRENT_PROJECT_VERSION = 1;
				DEVELOPMENT_ASSET_PATHS = "\"Silly/Preview Content\"";
				DEVELOPMENT_TEAM = 5HJA6SZHM2;
				ENABLE_PREVIEWS = YES;
				GENERATE_INFOPLIST_FILE = YES;
				INFOPLIST_KEY_UIApplicationSceneManifest_Generation = YES;
				INFOPLIST_KEY_UIApplicationSupportsIndirectInputEvents = YES;
				INFOPLIST_KEY_UILaunchScreen_Generation = YES;
				INFOPLIST_KEY_UISupportedInterfaceOrientations_iPad = "UIInterfaceOrientationPortrait UIInterfaceOrientationPortraitUpsideDown UIInterfaceOrientationLandscapeLeft UIInterfaceOrientationLandscapeRight";
				INFOPLIST_KEY_UISupportedInterfaceOrientations_iPhone = "UIInterfaceOrientationPortrait UIInterfaceOrientationLandscapeLeft UIInterfaceOrientationLandscapeRight";
				LD_RUNPATH_SEARCH_PATHS = (
					"$(inherited)",
					"@executable_path/Frameworks",
				);
				MARKETING_VERSION = 1.0;
				PRODUCT_BUNDLE_IDENTIFIER = samie.CTEC.Silly;
				PRODUCT_NAME = "$(TARGET_NAME)";
				SWIFT_EMIT_LOC_STRINGS = YES;
				SWIFT_VERSION = 5.0;
				TARGETED_DEVICE_FAMILY = "1,2";
			};
			name = Release;
		};
		1A8EEECA296728EE00AB924E /* Debug */ = {
			isa = XCBuildConfiguration;
			buildSettings = {
				ALWAYS_EMBED_SWIFT_STANDARD_LIBRARIES = YES;
				BUNDLE_LOADER = "$(TEST_HOST)";
				CODE_SIGN_STYLE = Automatic;
				CURRENT_PROJECT_VERSION = 1;
				DEVELOPMENT_TEAM = 5HJA6SZHM2;
				GENERATE_INFOPLIST_FILE = YES;
				IPHONEOS_DEPLOYMENT_TARGET = 16.0;
				MARKETING_VERSION = 1.0;
				PRODUCT_BUNDLE_IDENTIFIER = samie.CTEC.SillyTests;
				PRODUCT_NAME = "$(TARGET_NAME)";
				SWIFT_EMIT_LOC_STRINGS = NO;
				SWIFT_VERSION = 5.0;
				TARGETED_DEVICE_FAMILY = "1,2";
				TEST_HOST = "$(BUILT_PRODUCTS_DIR)/Silly.app/$(BUNDLE_EXECUTABLE_FOLDER_PATH)/Silly";
			};
			name = Debug;
		};
		1A8EEECB296728EE00AB924E /* Release */ = {
			isa = XCBuildConfiguration;
			buildSettings = {
				ALWAYS_EMBED_SWIFT_STANDARD_LIBRARIES = YES;
				BUNDLE_LOADER = "$(TEST_HOST)";
				CODE_SIGN_STYLE = Automatic;
				CURRENT_PROJECT_VERSION = 1;
				DEVELOPMENT_TEAM = 5HJA6SZHM2;
				GENERATE_INFOPLIST_FILE = YES;
				IPHONEOS_DEPLOYMENT_TARGET = 16.0;
				MARKETING_VERSION = 1.0;
				PRODUCT_BUNDLE_IDENTIFIER = samie.CTEC.SillyTests;
				PRODUCT_NAME = "$(TARGET_NAME)";
				SWIFT_EMIT_LOC_STRINGS = NO;
				SWIFT_VERSION = 5.0;
				TARGETED_DEVICE_FAMILY = "1,2";
				TEST_HOST = "$(BUILT_PRODUCTS_DIR)/Silly.app/$(BUNDLE_EXECUTABLE_FOLDER_PATH)/Silly";
			};
			name = Release;
		};
		1A8EEECD296728EE00AB924E /* Debug */ = {
			isa = XCBuildConfiguration;
			buildSettings = {
				ALWAYS_EMBED_SWIFT_STANDARD_LIBRARIES = YES;
				CODE_SIGN_STYLE = Automatic;
				CURRENT_PROJECT_VERSION = 1;
				DEVELOPMENT_TEAM = 5HJA6SZHM2;
				GENERATE_INFOPLIST_FILE = YES;
				MARKETING_VERSION = 1.0;
				PRODUCT_BUNDLE_IDENTIFIER = samie.CTEC.SillyUITests;
				PRODUCT_NAME = "$(TARGET_NAME)";
				SWIFT_EMIT_LOC_STRINGS = NO;
				SWIFT_VERSION = 5.0;
				TARGETED_DEVICE_FAMILY = "1,2";
				TEST_TARGET_NAME = Silly;
			};
			name = Debug;
		};
		1A8EEECE296728EE00AB924E /* Release */ = {
			isa = XCBuildConfiguration;
			buildSettings = {
				ALWAYS_EMBED_SWIFT_STANDARD_LIBRARIES = YES;
				CODE_SIGN_STYLE = Automatic;
				CURRENT_PROJECT_VERSION = 1;
				DEVELOPMENT_TEAM = 5HJA6SZHM2;
				GENERATE_INFOPLIST_FILE = YES;
				MARKETING_VERSION = 1.0;
				PRODUCT_BUNDLE_IDENTIFIER = samie.CTEC.SillyUITests;
				PRODUCT_NAME = "$(TARGET_NAME)";
				SWIFT_EMIT_LOC_STRINGS = NO;
				SWIFT_VERSION = 5.0;
				TARGETED_DEVICE_FAMILY = "1,2";
				TEST_TARGET_NAME = Silly;
			};
			name = Release;
		};
/* End XCBuildConfiguration section */

/* Begin XCConfigurationList section */
		1A8EEE9D296728ED00AB924E /* Build configuration list for PBXProject "Silly" */ = {
			isa = XCConfigurationList;
			buildConfigurations = (
				1A8EEEC4296728EE00AB924E /* Debug */,
				1A8EEEC5296728EE00AB924E /* Release */,
			);
			defaultConfigurationIsVisible = 0;
			defaultConfigurationName = Release;
		};
		1A8EEEC6296728EE00AB924E /* Build configuration list for PBXNativeTarget "Silly" */ = {
			isa = XCConfigurationList;
			buildConfigurations = (
				1A8EEEC7296728EE00AB924E /* Debug */,
				1A8EEEC8296728EE00AB924E /* Release */,
			);
			defaultConfigurationIsVisible = 0;
			defaultConfigurationName = Release;
		};
		1A8EEEC9296728EE00AB924E /* Build configuration list for PBXNativeTarget "SillyTests" */ = {
			isa = XCConfigurationList;
			buildConfigurations = (
				1A8EEECA296728EE00AB924E /* Debug */,
				1A8EEECB296728EE00AB924E /* Release */,
			);
			defaultConfigurationIsVisible = 0;
			defaultConfigurationName = Release;
		};
		1A8EEECC296728EE00AB924E /* Build configuration list for PBXNativeTarget "SillyUITests" */ = {
			isa = XCConfigurationList;
			buildConfigurations = (
				1A8EEECD296728EE00AB924E /* Debug */,
				1A8EEECE296728EE00AB924E /* Release */,
			);
			defaultConfigurationIsVisible = 0;
			defaultConfigurationName = Release;
		};
/* End XCConfigurationList section */
	};
	rootObject = 1A8EEE9A296728ED00AB924E /* Project object */;
}
